PODS:
  - p2.OAuth2 (4.0.1)
  - UICircularProgressRing (1.7.0)

DEPENDENCIES:
  - p2.OAuth2 (from `https://github.com/p2/OAuth2`)
  - UICircularProgressRing

EXTERNAL SOURCES:
  p2.OAuth2:
    :git: https://github.com/p2/OAuth2
    :submodules: true

CHECKOUT OPTIONS:
  p2.OAuth2:
    :commit: c456a82c3fe19bb553d55f5b4a41e40681973949
    :git: https://github.com/p2/OAuth2
    :submodules: true

SPEC CHECKSUMS:
  p2.OAuth2: fdc2effef37793a8f775dd4760bc4c1ea906c956
  UICircularProgressRing: 35c3d291b679161ea27fb6216fee58c40a4bb597

PODFILE CHECKSUM: ac75baccad0d7c66b44820e70fbd9c08fc9f4b17

COCOAPODS: 1.4.0
