// !$*UTF8*$!
{
	archiveVersion = 1;
	classes = {
	};
	objectVersion = 48;
	objects = {

/* Begin PBXBuildFile section */
		48DC8B5419D159A1859D7628 /* Pods_Digital_Monitor.framework in Frameworks */ = {isa = PBXBuildFile; fileRef = 6AB6198C1C6980B1DBD229D9 /* Pods_Digital_Monitor.framework */; };
		DB0AE17F200E494F006B1AC7 /* RevokeClientAccessResponse.swift in Sources */ = {isa = PBXBuildFile; fileRef = DB0AE17E200E494F006B1AC7 /* RevokeClientAccessResponse.swift */; };
		DB16BC3B2007650D009D3294 /* DigitalMonitorAPI.swift in Sources */ = {isa = PBXBuildFile; fileRef = DB16BC3A2007650D009D3294 /* DigitalMonitorAPI.swift */; };
		DB29E0C2200F762C00E988DB /* UsageTileViewController.swift in Sources */ = {isa = PBXBuildFile; fileRef = DB29E0C1200F762C00E988DB /* UsageTileViewController.swift */; };
		DB29E0C6200F78BC00E988DB /* UsageTileView.xib in Resources */ = {isa = PBXBuildFile; fileRef = DB29E0C5200F78BC00E988DB /* UsageTileView.xib */; };
		DB29E0C8200F7A7700E988DB /* UsageTileView.swift in Sources */ = {isa = PBXBuildFile; fileRef = DB29E0C7200F7A7700E988DB /* UsageTileView.swift */; };
		DB29E0CA200F868F00E988DB /* String+FromSeconds.swift in Sources */ = {isa = PBXBuildFile; fileRef = DB29E0C9200F868F00E988DB /* String+FromSeconds.swift */; };
		DB2C2656201791F80010A202 /* ApplicationClientsTableViewController.swift in Sources */ = {isa = PBXBuildFile; fileRef = DB2C2655201791F80010A202 /* ApplicationClientsTableViewController.swift */; };
		DB2C2658201795C20010A202 /* ClientController.swift in Sources */ = {isa = PBXBuildFile; fileRef = DB2C2657201795C20010A202 /* ClientController.swift */; };
		DB2C265A201796320010A202 /* DMClient.swift in Sources */ = {isa = PBXBuildFile; fileRef = DB2C2659201796310010A202 /* DMClient.swift */; };
		DB2C265D201797B90010A202 /* ApplicationError.swift in Sources */ = {isa = PBXBuildFile; fileRef = DB2C265C201797B90010A202 /* ApplicationError.swift */; };
		DB2C26602017A46D0010A202 /* ClientViewController.swift in Sources */ = {isa = PBXBuildFile; fileRef = DB2C265F2017A46D0010A202 /* ClientViewController.swift */; };
		DB2C26632017D7A90010A202 /* ClientError.swift in Sources */ = {isa = PBXBuildFile; fileRef = DB2C26622017D7A90010A202 /* ClientError.swift */; };
		DB2C26662017E5BF0010A202 /* AddClientRequest.swift in Sources */ = {isa = PBXBuildFile; fileRef = DB2C26652017E5BF0010A202 /* AddClientRequest.swift */; };
		DB2C26682017E7130010A202 /* PostClientResponse.swift in Sources */ = {isa = PBXBuildFile; fileRef = DB2C26672017E7130010A202 /* PostClientResponse.swift */; };
		DB2D2CCD20163C0C006E5BA1 /* OrganisationRegistrationViewController.swift in Sources */ = {isa = PBXBuildFile; fileRef = DB2D2CCC20163C0C006E5BA1 /* OrganisationRegistrationViewController.swift */; };
		DB2D2CCF20163E38006E5BA1 /* OrganisationController.swift in Sources */ = {isa = PBXBuildFile; fileRef = DB2D2CCE20163E38006E5BA1 /* OrganisationController.swift */; };
		DB2D2CD5201641F6006E5BA1 /* OrganisationRegistrationRequest.swift in Sources */ = {isa = PBXBuildFile; fileRef = DB2D2CD4201641F6006E5BA1 /* OrganisationRegistrationRequest.swift */; };
		DB2D2CD8201642A5006E5BA1 /* PostOrganisationResponse.swift in Sources */ = {isa = PBXBuildFile; fileRef = DB2D2CD7201642A5006E5BA1 /* PostOrganisationResponse.swift */; };
		DB2D2CDB20164776006E5BA1 /* OrganisationError.swift in Sources */ = {isa = PBXBuildFile; fileRef = DB2D2CDA20164776006E5BA1 /* OrganisationError.swift */; };
		DB2D2CDD20164C57006E5BA1 /* OrganisationLoginViewController.swift in Sources */ = {isa = PBXBuildFile; fileRef = DB2D2CDC20164C57006E5BA1 /* OrganisationLoginViewController.swift */; };
		DB2D2CDF20164EE4006E5BA1 /* GetOrganisationsResponse.swift in Sources */ = {isa = PBXBuildFile; fileRef = DB2D2CDE20164EE4006E5BA1 /* GetOrganisationsResponse.swift */; };
		DB5272672007BC35008DAD30 /* User.swift in Sources */ = {isa = PBXBuildFile; fileRef = DB5272662007BC35008DAD30 /* User.swift */; };
		DB5272692007BEF5008DAD30 /* DMOrganisation.swift in Sources */ = {isa = PBXBuildFile; fileRef = DB5272682007BEF5008DAD30 /* DMOrganisation.swift */; };
		DB52726B2007C01E008DAD30 /* DMApplication.swift in Sources */ = {isa = PBXBuildFile; fileRef = DB52726A2007C01E008DAD30 /* DMApplication.swift */; };
		DB52726F2008DD63008DAD30 /* RequestError.swift in Sources */ = {isa = PBXBuildFile; fileRef = DB52726E2008DD63008DAD30 /* RequestError.swift */; };
		DB5272712008F0A7008DAD30 /* ResponseError.swift in Sources */ = {isa = PBXBuildFile; fileRef = DB5272702008F0A7008DAD30 /* ResponseError.swift */; };
		DB527277200A3AD1008DAD30 /* PostUserResponse.swift in Sources */ = {isa = PBXBuildFile; fileRef = DB527276200A3AD1008DAD30 /* PostUserResponse.swift */; };
		DB52727B200A67B5008DAD30 /* UserController.swift in Sources */ = {isa = PBXBuildFile; fileRef = DB52727A200A67B5008DAD30 /* UserController.swift */; };
		DB52727E200A74CF008DAD30 /* DMUser.swift in Sources */ = {isa = PBXBuildFile; fileRef = DB52727D200A74CF008DAD30 /* DMUser.swift */; };
		DB527285200B9668008DAD30 /* UserError.swift in Sources */ = {isa = PBXBuildFile; fileRef = DB527284200B9668008DAD30 /* UserError.swift */; };
		DB5A6923200F9E970030DDE6 /* ApplicationsMetricsResponse.swift in Sources */ = {isa = PBXBuildFile; fileRef = DB5A6922200F9E970030DDE6 /* ApplicationsMetricsResponse.swift */; };
		DB8F33DB20173D5F00FC6973 /* OrgansationApplicationsTableViewController.swift in Sources */ = {isa = PBXBuildFile; fileRef = DB8F33DA20173D5F00FC6973 /* OrgansationApplicationsTableViewController.swift */; };
		DB8F33DD20173ED900FC6973 /* ApplicationController.swift in Sources */ = {isa = PBXBuildFile; fileRef = DB8F33DC20173ED900FC6973 /* ApplicationController.swift */; };
		DB8F33E02017413100FC6973 /* GetApplicationsResponse.swift in Sources */ = {isa = PBXBuildFile; fileRef = DB8F33DF2017413100FC6973 /* GetApplicationsResponse.swift */; };
		DB92150F2011179C0083A843 /* PlatformsMetricsResponse.swift in Sources */ = {isa = PBXBuildFile; fileRef = DB92150E2011179C0083A843 /* PlatformsMetricsResponse.swift */; };
		DB921511201123C50083A843 /* AggregatedMetricsResponse.swift in Sources */ = {isa = PBXBuildFile; fileRef = DB921510201123C50083A843 /* AggregatedMetricsResponse.swift */; };
		DB956673200D1E3C00CCB9D6 /* GetClientsResponse.swift in Sources */ = {isa = PBXBuildFile; fileRef = DB956672200D1E3C00CCB9D6 /* GetClientsResponse.swift */; };
		DBB9D80D2006598300952EF7 /* AppDelegate.swift in Sources */ = {isa = PBXBuildFile; fileRef = DBB9D80C2006598300952EF7 /* AppDelegate.swift */; };
		DBB9D80F2006598300952EF7 /* LoginViewController.swift in Sources */ = {isa = PBXBuildFile; fileRef = DBB9D80E2006598300952EF7 /* LoginViewController.swift */; };
		DBB9D8122006598300952EF7 /* Main.storyboard in Resources */ = {isa = PBXBuildFile; fileRef = DBB9D8102006598300952EF7 /* Main.storyboard */; };
		DBB9D8142006598300952EF7 /* Assets.xcassets in Resources */ = {isa = PBXBuildFile; fileRef = DBB9D8132006598300952EF7 /* Assets.xcassets */; };
		DBB9D8172006598300952EF7 /* LaunchScreen.storyboard in Resources */ = {isa = PBXBuildFile; fileRef = DBB9D8152006598300952EF7 /* LaunchScreen.storyboard */; };
		DBB9D81F20065C8100952EF7 /* RegisterViewController.swift in Sources */ = {isa = PBXBuildFile; fileRef = DBB9D81E20065C8100952EF7 /* RegisterViewController.swift */; };
		DBB9D832200674B800952EF7 /* UserRegistrationRequestBody.swift in Sources */ = {isa = PBXBuildFile; fileRef = DBB9D831200674B800952EF7 /* UserRegistrationRequestBody.swift */; };
		DBBCE691201DEFA300178715 /* GoalsCollectionViewController.swift in Sources */ = {isa = PBXBuildFile; fileRef = DBBCE690201DEFA300178715 /* GoalsCollectionViewController.swift */; };
		DBBCE694201DFA5F00178715 /* GoalTileView.swift in Sources */ = {isa = PBXBuildFile; fileRef = DBBCE692201DFA5E00178715 /* GoalTileView.swift */; };
		DBBCE695201DFA5F00178715 /* GoalTileView.xib in Resources */ = {isa = PBXBuildFile; fileRef = DBBCE693201DFA5E00178715 /* GoalTileView.xib */; };
		DBBCE697201E01F800178715 /* Date+StartAndEndOfDay.swift in Sources */ = {isa = PBXBuildFile; fileRef = DBBCE696201E01F800178715 /* Date+StartAndEndOfDay.swift */; };
		DBCB8E25200BCBEA00F5D58E /* ResourceOwnerExchangeResponse.swift in Sources */ = {isa = PBXBuildFile; fileRef = DBCB8E24200BCBEA00F5D58E /* ResourceOwnerExchangeResponse.swift */; };
		DBCB8E27200BCC5E00F5D58E /* TokenExchangeResponse.swift in Sources */ = {isa = PBXBuildFile; fileRef = DBCB8E26200BCC5E00F5D58E /* TokenExchangeResponse.swift */; };
		DBCB8E29200CC8C100F5D58E /* GetUsersResponse.swift in Sources */ = {isa = PBXBuildFile; fileRef = DBCB8E28200CC8C100F5D58E /* GetUsersResponse.swift */; };
		DBCB8E2D200CE86A00F5D58E /* DMUsageLog.swift in Sources */ = {isa = PBXBuildFile; fileRef = DBCB8E2C200CE86A00F5D58E /* DMUsageLog.swift */; };
		DBDBE39D20178C0C007BA1DD /* AddApplicationRequest.swift in Sources */ = {isa = PBXBuildFile; fileRef = DBDBE39C20178C0C007BA1DD /* AddApplicationRequest.swift */; };
		DBDBE39F20178CDE007BA1DD /* AddApplicationResponse.swift in Sources */ = {isa = PBXBuildFile; fileRef = DBDBE39E20178CDE007BA1DD /* AddApplicationResponse.swift */; };
		DBEBC77C201E35A0006C2466 /* GetGoalProgressResponse.swift in Sources */ = {isa = PBXBuildFile; fileRef = DBEBC77B201E35A0006C2466 /* GetGoalProgressResponse.swift */; };
		DBF4BD8D2013BD6600FC4DCB /* ApplicationUsageCollectionViewController.swift in Sources */ = {isa = PBXBuildFile; fileRef = DBF4BD8C2013BD6600FC4DCB /* ApplicationUsageCollectionViewController.swift */; };
		DBF4BD8F2013BD9700FC4DCB /* PlatformUsageCollectionViewController.swift in Sources */ = {isa = PBXBuildFile; fileRef = DBF4BD8E2013BD9700FC4DCB /* PlatformUsageCollectionViewController.swift */; };
		DBF832FD200D032E00F93748 /* SettingsTableViewController.swift in Sources */ = {isa = PBXBuildFile; fileRef = DBF832FC200D032E00F93748 /* SettingsTableViewController.swift */; };
		DBF832FF200D13AE00F93748 /* AuthorisedClientsTableViewController.swift in Sources */ = {isa = PBXBuildFile; fileRef = DBF832FE200D13AE00F93748 /* AuthorisedClientsTableViewController.swift */; };
		DBFA4D0D200E801E0020D702 /* OverallMetricsResponse.swift in Sources */ = {isa = PBXBuildFile; fileRef = DBFA4D0C200E801E0020D702 /* OverallMetricsResponse.swift */; };
/* End PBXBuildFile section */

/* Begin PBXFileReference section */
		63BD96E706A82B786B0E9718 /* Pods-Digital Monitor.release.xcconfig */ = {isa = PBXFileReference; includeInIndex = 1; lastKnownFileType = text.xcconfig; name = "Pods-Digital Monitor.release.xcconfig"; path = "Pods/Target Support Files/Pods-Digital Monitor/Pods-Digital Monitor.release.xcconfig"; sourceTree = "<group>"; };
		6AB6198C1C6980B1DBD229D9 /* Pods_Digital_Monitor.framework */ = {isa = PBXFileReference; explicitFileType = wrapper.framework; includeInIndex = 0; path = Pods_Digital_Monitor.framework; sourceTree = BUILT_PRODUCTS_DIR; };
		B2F73807EF99F5A6883CDAD7 /* Pods-Digital Monitor.debug.xcconfig */ = {isa = PBXFileReference; includeInIndex = 1; lastKnownFileType = text.xcconfig; name = "Pods-Digital Monitor.debug.xcconfig"; path = "Pods/Target Support Files/Pods-Digital Monitor/Pods-Digital Monitor.debug.xcconfig"; sourceTree = "<group>"; };
		DB0AE17E200E494F006B1AC7 /* RevokeClientAccessResponse.swift */ = {isa = PBXFileReference; lastKnownFileType = sourcecode.swift; path = RevokeClientAccessResponse.swift; sourceTree = "<group>"; };
		DB16BC3A2007650D009D3294 /* DigitalMonitorAPI.swift */ = {isa = PBXFileReference; lastKnownFileType = sourcecode.swift; path = DigitalMonitorAPI.swift; sourceTree = "<group>"; };
		DB29E0C1200F762C00E988DB /* UsageTileViewController.swift */ = {isa = PBXFileReference; lastKnownFileType = sourcecode.swift; path = UsageTileViewController.swift; sourceTree = "<group>"; };
		DB29E0C5200F78BC00E988DB /* UsageTileView.xib */ = {isa = PBXFileReference; lastKnownFileType = file.xib; path = UsageTileView.xib; sourceTree = "<group>"; };
		DB29E0C7200F7A7700E988DB /* UsageTileView.swift */ = {isa = PBXFileReference; lastKnownFileType = sourcecode.swift; name = UsageTileView.swift; path = "Digital Monitor/User/UsageTileView.swift"; sourceTree = SOURCE_ROOT; };
		DB29E0C9200F868F00E988DB /* String+FromSeconds.swift */ = {isa = PBXFileReference; lastKnownFileType = sourcecode.swift; path = "String+FromSeconds.swift"; sourceTree = "<group>"; };
		DB2C2655201791F80010A202 /* ApplicationClientsTableViewController.swift */ = {isa = PBXFileReference; lastKnownFileType = sourcecode.swift; path = ApplicationClientsTableViewController.swift; sourceTree = "<group>"; };
		DB2C2657201795C20010A202 /* ClientController.swift */ = {isa = PBXFileReference; lastKnownFileType = sourcecode.swift; path = ClientController.swift; sourceTree = "<group>"; };
		DB2C2659201796310010A202 /* DMClient.swift */ = {isa = PBXFileReference; fileEncoding = 4; lastKnownFileType = sourcecode.swift; path = DMClient.swift; sourceTree = "<group>"; };
		DB2C265C201797B90010A202 /* ApplicationError.swift */ = {isa = PBXFileReference; lastKnownFileType = sourcecode.swift; path = ApplicationError.swift; sourceTree = "<group>"; };
		DB2C265F2017A46D0010A202 /* ClientViewController.swift */ = {isa = PBXFileReference; lastKnownFileType = sourcecode.swift; path = ClientViewController.swift; sourceTree = "<group>"; };
		DB2C26622017D7A90010A202 /* ClientError.swift */ = {isa = PBXFileReference; lastKnownFileType = sourcecode.swift; path = ClientError.swift; sourceTree = "<group>"; };
		DB2C26652017E5BF0010A202 /* AddClientRequest.swift */ = {isa = PBXFileReference; lastKnownFileType = sourcecode.swift; path = AddClientRequest.swift; sourceTree = "<group>"; };
		DB2C26672017E7130010A202 /* PostClientResponse.swift */ = {isa = PBXFileReference; lastKnownFileType = sourcecode.swift; path = PostClientResponse.swift; sourceTree = "<group>"; };
		DB2D2CCC20163C0C006E5BA1 /* OrganisationRegistrationViewController.swift */ = {isa = PBXFileReference; lastKnownFileType = sourcecode.swift; path = OrganisationRegistrationViewController.swift; sourceTree = "<group>"; };
		DB2D2CCE20163E38006E5BA1 /* OrganisationController.swift */ = {isa = PBXFileReference; lastKnownFileType = sourcecode.swift; path = OrganisationController.swift; sourceTree = "<group>"; };
		DB2D2CD4201641F6006E5BA1 /* OrganisationRegistrationRequest.swift */ = {isa = PBXFileReference; lastKnownFileType = sourcecode.swift; path = OrganisationRegistrationRequest.swift; sourceTree = "<group>"; };
		DB2D2CD7201642A5006E5BA1 /* PostOrganisationResponse.swift */ = {isa = PBXFileReference; lastKnownFileType = sourcecode.swift; path = PostOrganisationResponse.swift; sourceTree = "<group>"; };
		DB2D2CDA20164776006E5BA1 /* OrganisationError.swift */ = {isa = PBXFileReference; lastKnownFileType = sourcecode.swift; path = OrganisationError.swift; sourceTree = "<group>"; };
		DB2D2CDC20164C57006E5BA1 /* OrganisationLoginViewController.swift */ = {isa = PBXFileReference; lastKnownFileType = sourcecode.swift; path = OrganisationLoginViewController.swift; sourceTree = "<group>"; };
		DB2D2CDE20164EE4006E5BA1 /* GetOrganisationsResponse.swift */ = {isa = PBXFileReference; lastKnownFileType = sourcecode.swift; path = GetOrganisationsResponse.swift; sourceTree = "<group>"; };
		DB5272662007BC35008DAD30 /* User.swift */ = {isa = PBXFileReference; lastKnownFileType = sourcecode.swift; path = User.swift; sourceTree = "<group>"; };
		DB5272682007BEF5008DAD30 /* DMOrganisation.swift */ = {isa = PBXFileReference; lastKnownFileType = sourcecode.swift; path = DMOrganisation.swift; sourceTree = "<group>"; };
		DB52726A2007C01E008DAD30 /* DMApplication.swift */ = {isa = PBXFileReference; lastKnownFileType = sourcecode.swift; path = DMApplication.swift; sourceTree = "<group>"; };
		DB52726E2008DD63008DAD30 /* RequestError.swift */ = {isa = PBXFileReference; lastKnownFileType = sourcecode.swift; path = RequestError.swift; sourceTree = "<group>"; };
		DB5272702008F0A7008DAD30 /* ResponseError.swift */ = {isa = PBXFileReference; lastKnownFileType = sourcecode.swift; path = ResponseError.swift; sourceTree = "<group>"; };
		DB527276200A3AD1008DAD30 /* PostUserResponse.swift */ = {isa = PBXFileReference; lastKnownFileType = sourcecode.swift; path = PostUserResponse.swift; sourceTree = "<group>"; };
		DB52727A200A67B5008DAD30 /* UserController.swift */ = {isa = PBXFileReference; lastKnownFileType = sourcecode.swift; path = UserController.swift; sourceTree = "<group>"; };
		DB52727D200A74CF008DAD30 /* DMUser.swift */ = {isa = PBXFileReference; lastKnownFileType = sourcecode.swift; path = DMUser.swift; sourceTree = "<group>"; };
		DB527284200B9668008DAD30 /* UserError.swift */ = {isa = PBXFileReference; lastKnownFileType = sourcecode.swift; path = UserError.swift; sourceTree = "<group>"; };
		DB5A6922200F9E970030DDE6 /* ApplicationsMetricsResponse.swift */ = {isa = PBXFileReference; lastKnownFileType = sourcecode.swift; path = ApplicationsMetricsResponse.swift; sourceTree = "<group>"; };
		DB8F33DA20173D5F00FC6973 /* OrgansationApplicationsTableViewController.swift */ = {isa = PBXFileReference; lastKnownFileType = sourcecode.swift; path = OrgansationApplicationsTableViewController.swift; sourceTree = "<group>"; };
		DB8F33DC20173ED900FC6973 /* ApplicationController.swift */ = {isa = PBXFileReference; lastKnownFileType = sourcecode.swift; path = ApplicationController.swift; sourceTree = "<group>"; };
		DB8F33DF2017413100FC6973 /* GetApplicationsResponse.swift */ = {isa = PBXFileReference; lastKnownFileType = sourcecode.swift; path = GetApplicationsResponse.swift; sourceTree = "<group>"; };
		DB92150E2011179C0083A843 /* PlatformsMetricsResponse.swift */ = {isa = PBXFileReference; lastKnownFileType = sourcecode.swift; path = PlatformsMetricsResponse.swift; sourceTree = "<group>"; };
		DB921510201123C50083A843 /* AggregatedMetricsResponse.swift */ = {isa = PBXFileReference; lastKnownFileType = sourcecode.swift; path = AggregatedMetricsResponse.swift; sourceTree = "<group>"; };
		DB956672200D1E3C00CCB9D6 /* GetClientsResponse.swift */ = {isa = PBXFileReference; lastKnownFileType = sourcecode.swift; path = GetClientsResponse.swift; sourceTree = "<group>"; };
		DBB9D8092006598300952EF7 /* Digital Monitor.app */ = {isa = PBXFileReference; explicitFileType = wrapper.application; includeInIndex = 0; path = "Digital Monitor.app"; sourceTree = BUILT_PRODUCTS_DIR; };
		DBB9D80C2006598300952EF7 /* AppDelegate.swift */ = {isa = PBXFileReference; lastKnownFileType = sourcecode.swift; path = AppDelegate.swift; sourceTree = "<group>"; };
		DBB9D80E2006598300952EF7 /* LoginViewController.swift */ = {isa = PBXFileReference; lastKnownFileType = sourcecode.swift; path = LoginViewController.swift; sourceTree = "<group>"; };
		DBB9D8112006598300952EF7 /* Base */ = {isa = PBXFileReference; lastKnownFileType = file.storyboard; name = Base; path = Base.lproj/Main.storyboard; sourceTree = "<group>"; };
		DBB9D8132006598300952EF7 /* Assets.xcassets */ = {isa = PBXFileReference; lastKnownFileType = folder.assetcatalog; path = Assets.xcassets; sourceTree = "<group>"; };
		DBB9D8162006598300952EF7 /* Base */ = {isa = PBXFileReference; lastKnownFileType = file.storyboard; name = Base; path = Base.lproj/LaunchScreen.storyboard; sourceTree = "<group>"; };
		DBB9D8182006598300952EF7 /* Info.plist */ = {isa = PBXFileReference; lastKnownFileType = text.plist.xml; path = Info.plist; sourceTree = "<group>"; };
		DBB9D81E20065C8100952EF7 /* RegisterViewController.swift */ = {isa = PBXFileReference; lastKnownFileType = sourcecode.swift; path = RegisterViewController.swift; sourceTree = "<group>"; };
		DBB9D82F2006652900952EF7 /* OAuth2.framework */ = {isa = PBXFileReference; lastKnownFileType = wrapper.framework; name = OAuth2.framework; path = Carthage/Build/iOS/OAuth2.framework; sourceTree = "<group>"; };
		DBB9D831200674B800952EF7 /* UserRegistrationRequestBody.swift */ = {isa = PBXFileReference; lastKnownFileType = sourcecode.swift; path = UserRegistrationRequestBody.swift; sourceTree = "<group>"; };
		DBBCE690201DEFA300178715 /* GoalsCollectionViewController.swift */ = {isa = PBXFileReference; lastKnownFileType = sourcecode.swift; path = GoalsCollectionViewController.swift; sourceTree = "<group>"; };
		DBBCE692201DFA5E00178715 /* GoalTileView.swift */ = {isa = PBXFileReference; fileEncoding = 4; lastKnownFileType = sourcecode.swift; path = GoalTileView.swift; sourceTree = "<group>"; };
		DBBCE693201DFA5E00178715 /* GoalTileView.xib */ = {isa = PBXFileReference; fileEncoding = 4; lastKnownFileType = file.xib; path = GoalTileView.xib; sourceTree = "<group>"; };
		DBBCE696201E01F800178715 /* Date+StartAndEndOfDay.swift */ = {isa = PBXFileReference; lastKnownFileType = sourcecode.swift; path = "Date+StartAndEndOfDay.swift"; sourceTree = "<group>"; };
		DBCB8E24200BCBEA00F5D58E /* ResourceOwnerExchangeResponse.swift */ = {isa = PBXFileReference; lastKnownFileType = sourcecode.swift; path = ResourceOwnerExchangeResponse.swift; sourceTree = "<group>"; };
		DBCB8E26200BCC5E00F5D58E /* TokenExchangeResponse.swift */ = {isa = PBXFileReference; lastKnownFileType = sourcecode.swift; path = TokenExchangeResponse.swift; sourceTree = "<group>"; };
		DBCB8E28200CC8C100F5D58E /* GetUsersResponse.swift */ = {isa = PBXFileReference; lastKnownFileType = sourcecode.swift; path = GetUsersResponse.swift; sourceTree = "<group>"; };
		DBCB8E2C200CE86A00F5D58E /* DMUsageLog.swift */ = {isa = PBXFileReference; lastKnownFileType = sourcecode.swift; path = DMUsageLog.swift; sourceTree = "<group>"; };
		DBDBE39C20178C0C007BA1DD /* AddApplicationRequest.swift */ = {isa = PBXFileReference; lastKnownFileType = sourcecode.swift; path = AddApplicationRequest.swift; sourceTree = "<group>"; };
		DBDBE39E20178CDE007BA1DD /* AddApplicationResponse.swift */ = {isa = PBXFileReference; lastKnownFileType = sourcecode.swift; path = AddApplicationResponse.swift; sourceTree = "<group>"; };
		DBEBC77B201E35A0006C2466 /* GetGoalProgressResponse.swift */ = {isa = PBXFileReference; lastKnownFileType = sourcecode.swift; path = GetGoalProgressResponse.swift; sourceTree = "<group>"; };
		DBF4BD8C2013BD6600FC4DCB /* ApplicationUsageCollectionViewController.swift */ = {isa = PBXFileReference; lastKnownFileType = sourcecode.swift; path = ApplicationUsageCollectionViewController.swift; sourceTree = "<group>"; };
		DBF4BD8E2013BD9700FC4DCB /* PlatformUsageCollectionViewController.swift */ = {isa = PBXFileReference; lastKnownFileType = sourcecode.swift; path = PlatformUsageCollectionViewController.swift; sourceTree = "<group>"; };
		DBF832FC200D032E00F93748 /* SettingsTableViewController.swift */ = {isa = PBXFileReference; lastKnownFileType = sourcecode.swift; path = SettingsTableViewController.swift; sourceTree = "<group>"; };
		DBF832FE200D13AE00F93748 /* AuthorisedClientsTableViewController.swift */ = {isa = PBXFileReference; lastKnownFileType = sourcecode.swift; path = AuthorisedClientsTableViewController.swift; sourceTree = "<group>"; };
		DBFA4D0C200E801E0020D702 /* OverallMetricsResponse.swift */ = {isa = PBXFileReference; lastKnownFileType = sourcecode.swift; path = OverallMetricsResponse.swift; sourceTree = "<group>"; };
/* End PBXFileReference section */

/* Begin PBXFrameworksBuildPhase section */
		DBB9D8062006598200952EF7 /* Frameworks */ = {
			isa = PBXFrameworksBuildPhase;
			buildActionMask = 2147483647;
			files = (
				48DC8B5419D159A1859D7628 /* Pods_Digital_Monitor.framework in Frameworks */,
			);
			runOnlyForDeploymentPostprocessing = 0;
		};
/* End PBXFrameworksBuildPhase section */

/* Begin PBXGroup section */
		DB16BC3420075EE2009D3294 /* Model */ = {
			isa = PBXGroup;
			children = (
				DB16BC3920075FC7009D3294 /* Errors */,
				DB16BC3720075F0C009D3294 /* Database */,
				DB16BC3620075EFD009D3294 /* Responses */,
				DB16BC3520075EEA009D3294 /* Requests */,
			);
			path = Model;
			sourceTree = "<group>";
		};
		DB16BC3520075EEA009D3294 /* Requests */ = {
			isa = PBXGroup;
			children = (
				DB2C26642017E5B00010A202 /* Clients */,
				DBDBE39B20178BEB007BA1DD /* Applications */,
				DB2D2CD3201641E1006E5BA1 /* Organisations */,
				DB527275200A3A97008DAD30 /* Users */,
			);
			path = Requests;
			sourceTree = "<group>";
		};
		DB16BC3620075EFD009D3294 /* Responses */ = {
			isa = PBXGroup;
			children = (
				DB8F33DE201740C100FC6973 /* Applications */,
				DB2D2CD62016428C006E5BA1 /* Organisations */,
				DB956671200D1E2E00CCB9D6 /* Clients */,
				DBCB8E23200BCBA400F5D58E /* OAuth2 */,
				DB527274200A3A8C008DAD30 /* Users */,
			);
			path = Responses;
			sourceTree = "<group>";
		};
		DB16BC3720075F0C009D3294 /* Database */ = {
			isa = PBXGroup;
			children = (
				DB5272662007BC35008DAD30 /* User.swift */,
			);
			path = Database;
			sourceTree = "<group>";
		};
		DB16BC3820075F86009D3294 /* Connection */ = {
			isa = PBXGroup;
			children = (
			);
			path = Connection;
			sourceTree = "<group>";
		};
		DB16BC3920075FC7009D3294 /* Errors */ = {
			isa = PBXGroup;
			children = (
				DB2C26612017D78D0010A202 /* Client */,
				DB2C265B201797A40010A202 /* Application */,
				DB2D2CD920164757006E5BA1 /* Organisation */,
				DB527283200B965C008DAD30 /* Response */,
				DB527282200B9642008DAD30 /* Request */,
				DB527281200B9638008DAD30 /* User */,
				DB52726E2008DD63008DAD30 /* RequestError.swift */,
				DB5272702008F0A7008DAD30 /* ResponseError.swift */,
			);
			path = Errors;
			sourceTree = "<group>";
		};
		DB2C265B201797A40010A202 /* Application */ = {
			isa = PBXGroup;
			children = (
				DB2C265C201797B90010A202 /* ApplicationError.swift */,
			);
			path = Application;
			sourceTree = "<group>";
		};
		DB2C265E2017A42F0010A202 /* Clients */ = {
			isa = PBXGroup;
			children = (
				DB2C265F2017A46D0010A202 /* ClientViewController.swift */,
			);
			path = Clients;
			sourceTree = "<group>";
		};
		DB2C26612017D78D0010A202 /* Client */ = {
			isa = PBXGroup;
			children = (
				DB2C26622017D7A90010A202 /* ClientError.swift */,
			);
			path = Client;
			sourceTree = "<group>";
		};
		DB2C26642017E5B00010A202 /* Clients */ = {
			isa = PBXGroup;
			children = (
				DB2C26652017E5BF0010A202 /* AddClientRequest.swift */,
			);
			path = Clients;
			sourceTree = "<group>";
		};
		DB2D2CD3201641E1006E5BA1 /* Organisations */ = {
			isa = PBXGroup;
			children = (
				DB2D2CD4201641F6006E5BA1 /* OrganisationRegistrationRequest.swift */,
			);
			path = Organisations;
			sourceTree = "<group>";
		};
		DB2D2CD62016428C006E5BA1 /* Organisations */ = {
			isa = PBXGroup;
			children = (
				DB2D2CD7201642A5006E5BA1 /* PostOrganisationResponse.swift */,
				DB2D2CDE20164EE4006E5BA1 /* GetOrganisationsResponse.swift */,
			);
			path = Organisations;
			sourceTree = "<group>";
		};
		DB2D2CD920164757006E5BA1 /* Organisation */ = {
			isa = PBXGroup;
			children = (
				DB2D2CDA20164776006E5BA1 /* OrganisationError.swift */,
			);
			path = Organisation;
			sourceTree = "<group>";
		};
		DB527274200A3A8C008DAD30 /* Users */ = {
			isa = PBXGroup;
			children = (
				DBEBC779201E358A006C2466 /* Goals */,
				DBFA4D0B200E800C0020D702 /* Metrics */,
				DB527276200A3AD1008DAD30 /* PostUserResponse.swift */,
				DBCB8E28200CC8C100F5D58E /* GetUsersResponse.swift */,
				DB0AE17E200E494F006B1AC7 /* RevokeClientAccessResponse.swift */,
			);
			path = Users;
			sourceTree = "<group>";
		};
		DB527275200A3A97008DAD30 /* Users */ = {
			isa = PBXGroup;
			children = (
				DBB9D831200674B800952EF7 /* UserRegistrationRequestBody.swift */,
			);
			path = Users;
			sourceTree = "<group>";
		};
		DB527278200A678F008DAD30 /* Controllers */ = {
			isa = PBXGroup;
			children = (
				DB52727A200A67B5008DAD30 /* UserController.swift */,
				DB2D2CCE20163E38006E5BA1 /* OrganisationController.swift */,
				DB8F33DC20173ED900FC6973 /* ApplicationController.swift */,
				DB2C2657201795C20010A202 /* ClientController.swift */,
			);
			path = Controllers;
			sourceTree = "<group>";
		};
		DB52727C200A74C1008DAD30 /* API  */ = {
			isa = PBXGroup;
			children = (
				DB2C2659201796310010A202 /* DMClient.swift */,
				DB5272682007BEF5008DAD30 /* DMOrganisation.swift */,
				DB52726A2007C01E008DAD30 /* DMApplication.swift */,
				DB16BC3A2007650D009D3294 /* DigitalMonitorAPI.swift */,
				DB52727D200A74CF008DAD30 /* DMUser.swift */,
				DBCB8E2C200CE86A00F5D58E /* DMUsageLog.swift */,
			);
			path = "API ";
			sourceTree = "<group>";
		};
		DB527281200B9638008DAD30 /* User */ = {
			isa = PBXGroup;
			children = (
				DB527284200B9668008DAD30 /* UserError.swift */,
			);
			path = User;
			sourceTree = "<group>";
		};
		DB527282200B9642008DAD30 /* Request */ = {
			isa = PBXGroup;
			children = (
			);
			path = Request;
			sourceTree = "<group>";
		};
		DB527283200B965C008DAD30 /* Response */ = {
			isa = PBXGroup;
			children = (
			);
			path = Response;
			sourceTree = "<group>";
		};
		DB8F33DE201740C100FC6973 /* Applications */ = {
			isa = PBXGroup;
			children = (
				DB8F33DF2017413100FC6973 /* GetApplicationsResponse.swift */,
				DBDBE39E20178CDE007BA1DD /* AddApplicationResponse.swift */,
			);
			path = Applications;
			sourceTree = "<group>";
		};
		DB956671200D1E2E00CCB9D6 /* Clients */ = {
			isa = PBXGroup;
			children = (
				DB956672200D1E3C00CCB9D6 /* GetClientsResponse.swift */,
				DB2C26672017E7130010A202 /* PostClientResponse.swift */,
			);
			path = Clients;
			sourceTree = "<group>";
		};
		DBB9D8002006598200952EF7 = {
			isa = PBXGroup;
			children = (
				DB52727C200A74C1008DAD30 /* API  */,
				DBB9D83320067A0800952EF7 /* DAL */,
				DBB9D80B2006598300952EF7 /* Digital Monitor */,
				DBB9D80A2006598300952EF7 /* Products */,
				DBB9D8262006626F00952EF7 /* Frameworks */,
				F9E707C50FE875140558370A /* Pods */,
			);
			sourceTree = "<group>";
		};
		DBB9D80A2006598300952EF7 /* Products */ = {
			isa = PBXGroup;
			children = (
				DBB9D8092006598300952EF7 /* Digital Monitor.app */,
			);
			name = Products;
			sourceTree = "<group>";
		};
		DBB9D80B2006598300952EF7 /* Digital Monitor */ = {
			isa = PBXGroup;
			children = (
				DBDBE39A20178688007BA1DD /* User */,
				DBDBE39920178681007BA1DD /* Organisation */,
				DBB9D80C2006598300952EF7 /* AppDelegate.swift */,
				DBB9D8102006598300952EF7 /* Main.storyboard */,
				DBBCE696201E01F800178715 /* Date+StartAndEndOfDay.swift */,
				DB29E0C9200F868F00E988DB /* String+FromSeconds.swift */,
				DBB9D8132006598300952EF7 /* Assets.xcassets */,
				DBB9D8152006598300952EF7 /* LaunchScreen.storyboard */,
				DBB9D8182006598300952EF7 /* Info.plist */,
			);
			path = "Digital Monitor";
			sourceTree = "<group>";
		};
		DBB9D8262006626F00952EF7 /* Frameworks */ = {
			isa = PBXGroup;
			children = (
				DBB9D82F2006652900952EF7 /* OAuth2.framework */,
				6AB6198C1C6980B1DBD229D9 /* Pods_Digital_Monitor.framework */,
			);
			name = Frameworks;
			sourceTree = "<group>";
		};
		DBB9D83320067A0800952EF7 /* DAL */ = {
			isa = PBXGroup;
			children = (
				DB527278200A678F008DAD30 /* Controllers */,
				DB16BC3820075F86009D3294 /* Connection */,
				DB16BC3420075EE2009D3294 /* Model */,
			);
			path = DAL;
			sourceTree = "<group>";
		};
		DBCB8E23200BCBA400F5D58E /* OAuth2 */ = {
			isa = PBXGroup;
			children = (
				DBCB8E24200BCBEA00F5D58E /* ResourceOwnerExchangeResponse.swift */,
				DBCB8E26200BCC5E00F5D58E /* TokenExchangeResponse.swift */,
			);
			path = OAuth2;
			sourceTree = "<group>";
		};
		DBDBE39920178681007BA1DD /* Organisation */ = {
			isa = PBXGroup;
			children = (
				DBDBE3A4201790B5007BA1DD /* Applications */,
				DB2D2CDC20164C57006E5BA1 /* OrganisationLoginViewController.swift */,
				DB2D2CCC20163C0C006E5BA1 /* OrganisationRegistrationViewController.swift */,
				DB8F33DA20173D5F00FC6973 /* OrgansationApplicationsTableViewController.swift */,
			);
			path = Organisation;
			sourceTree = "<group>";
		};
		DBDBE39A20178688007BA1DD /* User */ = {
			isa = PBXGroup;
			children = (
				DBF832FE200D13AE00F93748 /* AuthorisedClientsTableViewController.swift */,
				DBF832FC200D032E00F93748 /* SettingsTableViewController.swift */,
				DBF4BD8E2013BD9700FC4DCB /* PlatformUsageCollectionViewController.swift */,
				DBF4BD8C2013BD6600FC4DCB /* ApplicationUsageCollectionViewController.swift */,
				DBB9D80E2006598300952EF7 /* LoginViewController.swift */,
				DB29E0C1200F762C00E988DB /* UsageTileViewController.swift */,
				DBBCE692201DFA5E00178715 /* GoalTileView.swift */,
				DBBCE693201DFA5E00178715 /* GoalTileView.xib */,
				DB29E0C5200F78BC00E988DB /* UsageTileView.xib */,
				DB29E0C7200F7A7700E988DB /* UsageTileView.swift */,
				DBB9D81E20065C8100952EF7 /* RegisterViewController.swift */,
				DBBCE690201DEFA300178715 /* GoalsCollectionViewController.swift */,
			);
			path = User;
			sourceTree = "<group>";
		};
		DBDBE39B20178BEB007BA1DD /* Applications */ = {
			isa = PBXGroup;
			children = (
				DBDBE39C20178C0C007BA1DD /* AddApplicationRequest.swift */,
			);
			path = Applications;
			sourceTree = "<group>";
		};
		DBDBE3A4201790B5007BA1DD /* Applications */ = {
			isa = PBXGroup;
			children = (
				DB2C265E2017A42F0010A202 /* Clients */,
				DB2C2655201791F80010A202 /* ApplicationClientsTableViewController.swift */,
			);
			path = Applications;
			sourceTree = "<group>";
		};
		DBEBC779201E358A006C2466 /* Goals */ = {
			isa = PBXGroup;
			children = (
				DBEBC77B201E35A0006C2466 /* GetGoalProgressResponse.swift */,
			);
			path = Goals;
			sourceTree = "<group>";
		};
		DBFA4D0B200E800C0020D702 /* Metrics */ = {
			isa = PBXGroup;
			children = (
				DBFA4D0C200E801E0020D702 /* OverallMetricsResponse.swift */,
				DB5A6922200F9E970030DDE6 /* ApplicationsMetricsResponse.swift */,
				DB92150E2011179C0083A843 /* PlatformsMetricsResponse.swift */,
				DB921510201123C50083A843 /* AggregatedMetricsResponse.swift */,
			);
			path = Metrics;
			sourceTree = "<group>";
		};
		F9E707C50FE875140558370A /* Pods */ = {
			isa = PBXGroup;
			children = (
				B2F73807EF99F5A6883CDAD7 /* Pods-Digital Monitor.debug.xcconfig */,
				63BD96E706A82B786B0E9718 /* Pods-Digital Monitor.release.xcconfig */,
			);
			name = Pods;
			sourceTree = "<group>";
		};
/* End PBXGroup section */

/* Begin PBXNativeTarget section */
		DBB9D8082006598200952EF7 /* Digital Monitor */ = {
			isa = PBXNativeTarget;
			buildConfigurationList = DBB9D81B2006598300952EF7 /* Build configuration list for PBXNativeTarget "Digital Monitor" */;
			buildPhases = (
				8CE1DC58A9BF59857B463DB2 /* [CP] Check Pods Manifest.lock */,
				DBB9D8052006598200952EF7 /* Sources */,
				DBB9D8062006598200952EF7 /* Frameworks */,
				DBB9D8072006598200952EF7 /* Resources */,
				CC6F8BB152E634C46BE5F5BD /* [CP] Embed Pods Frameworks */,
				297288C74D88EB89640E8AF5 /* [CP] Copy Pods Resources */,
			);
			buildRules = (
			);
			dependencies = (
			);
			name = "Digital Monitor";
			productName = "Digital Monitor";
			productReference = DBB9D8092006598300952EF7 /* Digital Monitor.app */;
			productType = "com.apple.product-type.application";
		};
/* End PBXNativeTarget section */

/* Begin PBXProject section */
		DBB9D8012006598200952EF7 /* Project object */ = {
			isa = PBXProject;
			attributes = {
				LastSwiftUpdateCheck = 0920;
				LastUpgradeCheck = 0920;
				ORGANIZATIONNAME = "Dan Austin";
				TargetAttributes = {
					DBB9D8082006598200952EF7 = {
						CreatedOnToolsVersion = 9.2;
						ProvisioningStyle = Automatic;
					};
				};
			};
			buildConfigurationList = DBB9D8042006598200952EF7 /* Build configuration list for PBXProject "Digital Monitor" */;
			compatibilityVersion = "Xcode 8.0";
			developmentRegion = en;
			hasScannedForEncodings = 0;
			knownRegions = (
				en,
				Base,
			);
			mainGroup = DBB9D8002006598200952EF7;
			productRefGroup = DBB9D80A2006598300952EF7 /* Products */;
			projectDirPath = "";
			projectRoot = "";
			targets = (
				DBB9D8082006598200952EF7 /* Digital Monitor */,
			);
		};
/* End PBXProject section */

/* Begin PBXResourcesBuildPhase section */
		DBB9D8072006598200952EF7 /* Resources */ = {
			isa = PBXResourcesBuildPhase;
			buildActionMask = 2147483647;
			files = (
				DBB9D8172006598300952EF7 /* LaunchScreen.storyboard in Resources */,
				DBB9D8142006598300952EF7 /* Assets.xcassets in Resources */,
				DBB9D8122006598300952EF7 /* Main.storyboard in Resources */,
				DB29E0C6200F78BC00E988DB /* UsageTileView.xib in Resources */,
				DBBCE695201DFA5F00178715 /* GoalTileView.xib in Resources */,
			);
			runOnlyForDeploymentPostprocessing = 0;
		};
/* End PBXResourcesBuildPhase section */

/* Begin PBXShellScriptBuildPhase section */
		297288C74D88EB89640E8AF5 /* [CP] Copy Pods Resources */ = {
			isa = PBXShellScriptBuildPhase;
			buildActionMask = 2147483647;
			files = (
			);
			inputPaths = (
			);
			name = "[CP] Copy Pods Resources";
			outputPaths = (
			);
			runOnlyForDeploymentPostprocessing = 0;
			shellPath = /bin/sh;
			shellScript = "\"${SRCROOT}/Pods/Target Support Files/Pods-Digital Monitor/Pods-Digital Monitor-resources.sh\"\n";
			showEnvVarsInLog = 0;
		};
		8CE1DC58A9BF59857B463DB2 /* [CP] Check Pods Manifest.lock */ = {
			isa = PBXShellScriptBuildPhase;
			buildActionMask = 2147483647;
			files = (
			);
			inputPaths = (
				"${PODS_PODFILE_DIR_PATH}/Podfile.lock",
				"${PODS_ROOT}/Manifest.lock",
			);
			name = "[CP] Check Pods Manifest.lock";
			outputPaths = (
				"$(DERIVED_FILE_DIR)/Pods-Digital Monitor-checkManifestLockResult.txt",
			);
			runOnlyForDeploymentPostprocessing = 0;
			shellPath = /bin/sh;
			shellScript = "diff \"${PODS_PODFILE_DIR_PATH}/Podfile.lock\" \"${PODS_ROOT}/Manifest.lock\" > /dev/null\nif [ $? != 0 ] ; then\n    # print error to STDERR\n    echo \"error: The sandbox is not in sync with the Podfile.lock. Run 'pod install' or update your CocoaPods installation.\" >&2\n    exit 1\nfi\n# This output is used by Xcode 'outputs' to avoid re-running this script phase.\necho \"SUCCESS\" > \"${SCRIPT_OUTPUT_FILE_0}\"\n";
			showEnvVarsInLog = 0;
		};
		CC6F8BB152E634C46BE5F5BD /* [CP] Embed Pods Frameworks */ = {
			isa = PBXShellScriptBuildPhase;
			buildActionMask = 2147483647;
			files = (
			);
			inputPaths = (
				"${SRCROOT}/Pods/Target Support Files/Pods-Digital Monitor/Pods-Digital Monitor-frameworks.sh",
				"${BUILT_PRODUCTS_DIR}/UICircularProgressRing/UICircularProgressRing.framework",
				"${BUILT_PRODUCTS_DIR}/p2.OAuth2/p2_OAuth2.framework",
			);
			name = "[CP] Embed Pods Frameworks";
			outputPaths = (
				"${TARGET_BUILD_DIR}/${FRAMEWORKS_FOLDER_PATH}/UICircularProgressRing.framework",
				"${TARGET_BUILD_DIR}/${FRAMEWORKS_FOLDER_PATH}/p2_OAuth2.framework",
			);
			runOnlyForDeploymentPostprocessing = 0;
			shellPath = /bin/sh;
			shellScript = "\"${SRCROOT}/Pods/Target Support Files/Pods-Digital Monitor/Pods-Digital Monitor-frameworks.sh\"\n";
			showEnvVarsInLog = 0;
		};
/* End PBXShellScriptBuildPhase section */

/* Begin PBXSourcesBuildPhase section */
		DBB9D8052006598200952EF7 /* Sources */ = {
			isa = PBXSourcesBuildPhase;
			buildActionMask = 2147483647;
			files = (
				DB2D2CD8201642A5006E5BA1 /* PostOrganisationResponse.swift in Sources */,
				DBCB8E29200CC8C100F5D58E /* GetUsersResponse.swift in Sources */,
				DB52726B2007C01E008DAD30 /* DMApplication.swift in Sources */,
				DB2D2CDF20164EE4006E5BA1 /* GetOrganisationsResponse.swift in Sources */,
				DBBCE691201DEFA300178715 /* GoalsCollectionViewController.swift in Sources */,
				DB2C265D201797B90010A202 /* ApplicationError.swift in Sources */,
				DBDBE39D20178C0C007BA1DD /* AddApplicationRequest.swift in Sources */,
				DB29E0C2200F762C00E988DB /* UsageTileViewController.swift in Sources */,
				DB527277200A3AD1008DAD30 /* PostUserResponse.swift in Sources */,
				DB8F33DB20173D5F00FC6973 /* OrgansationApplicationsTableViewController.swift in Sources */,
				DBB9D832200674B800952EF7 /* UserRegistrationRequestBody.swift in Sources */,
				DB2D2CCD20163C0C006E5BA1 /* OrganisationRegistrationViewController.swift in Sources */,
				DB2C2658201795C20010A202 /* ClientController.swift in Sources */,
				DB2D2CD5201641F6006E5BA1 /* OrganisationRegistrationRequest.swift in Sources */,
				DB2D2CDD20164C57006E5BA1 /* OrganisationLoginViewController.swift in Sources */,
				DB956673200D1E3C00CCB9D6 /* GetClientsResponse.swift in Sources */,
				DB16BC3B2007650D009D3294 /* DigitalMonitorAPI.swift in Sources */,
				DB5272672007BC35008DAD30 /* User.swift in Sources */,
				DB52727B200A67B5008DAD30 /* UserController.swift in Sources */,
				DB921511201123C50083A843 /* AggregatedMetricsResponse.swift in Sources */,
				DBBCE697201E01F800178715 /* Date+StartAndEndOfDay.swift in Sources */,
				DB29E0C8200F7A7700E988DB /* UsageTileView.swift in Sources */,
				DBEBC77C201E35A0006C2466 /* GetGoalProgressResponse.swift in Sources */,
				DBF4BD8F2013BD9700FC4DCB /* PlatformUsageCollectionViewController.swift in Sources */,
				DB2D2CDB20164776006E5BA1 /* OrganisationError.swift in Sources */,
				DBFA4D0D200E801E0020D702 /* OverallMetricsResponse.swift in Sources */,
				DBF4BD8D2013BD6600FC4DCB /* ApplicationUsageCollectionViewController.swift in Sources */,
				DB2D2CCF20163E38006E5BA1 /* OrganisationController.swift in Sources */,
				DBB9D81F20065C8100952EF7 /* RegisterViewController.swift in Sources */,
				DB52727E200A74CF008DAD30 /* DMUser.swift in Sources */,
				DBCB8E27200BCC5E00F5D58E /* TokenExchangeResponse.swift in Sources */,
				DB2C265A201796320010A202 /* DMClient.swift in Sources */,
				DB2C2656201791F80010A202 /* ApplicationClientsTableViewController.swift in Sources */,
				DBCB8E2D200CE86A00F5D58E /* DMUsageLog.swift in Sources */,
				DB8F33E02017413100FC6973 /* GetApplicationsResponse.swift in Sources */,
				DB527285200B9668008DAD30 /* UserError.swift in Sources */,
				DB92150F2011179C0083A843 /* PlatformsMetricsResponse.swift in Sources */,
				DB5272712008F0A7008DAD30 /* ResponseError.swift in Sources */,
				DB2C26602017A46D0010A202 /* ClientViewController.swift in Sources */,
				DBDBE39F20178CDE007BA1DD /* AddApplicationResponse.swift in Sources */,
				DB5272692007BEF5008DAD30 /* DMOrganisation.swift in Sources */,
				DBCB8E25200BCBEA00F5D58E /* ResourceOwnerExchangeResponse.swift in Sources */,
				DB8F33DD20173ED900FC6973 /* ApplicationController.swift in Sources */,
				DB0AE17F200E494F006B1AC7 /* RevokeClientAccessResponse.swift in Sources */,
				DB2C26632017D7A90010A202 /* ClientError.swift in Sources */,
				DB2C26662017E5BF0010A202 /* AddClientRequest.swift in Sources */,
				DB52726F2008DD63008DAD30 /* RequestError.swift in Sources */,
				DBF832FF200D13AE00F93748 /* AuthorisedClientsTableViewController.swift in Sources */,
				DBF832FD200D032E00F93748 /* SettingsTableViewController.swift in Sources */,
				DB2C26682017E7130010A202 /* PostClientResponse.swift in Sources */,
				DB5A6923200F9E970030DDE6 /* ApplicationsMetricsResponse.swift in Sources */,
				DB29E0CA200F868F00E988DB /* String+FromSeconds.swift in Sources */,
				DBB9D80F2006598300952EF7 /* LoginViewController.swift in Sources */,
				DBB9D80D2006598300952EF7 /* AppDelegate.swift in Sources */,
				DBBCE694201DFA5F00178715 /* GoalTileView.swift in Sources */,
			);
			runOnlyForDeploymentPostprocessing = 0;
		};
/* End PBXSourcesBuildPhase section */

/* Begin PBXVariantGroup section */
		DBB9D8102006598300952EF7 /* Main.storyboard */ = {
			isa = PBXVariantGroup;
			children = (
				DBB9D8112006598300952EF7 /* Base */,
			);
			name = Main.storyboard;
			sourceTree = "<group>";
		};
		DBB9D8152006598300952EF7 /* LaunchScreen.storyboard */ = {
			isa = PBXVariantGroup;
			children = (
				DBB9D8162006598300952EF7 /* Base */,
			);
			name = LaunchScreen.storyboard;
			sourceTree = "<group>";
		};
/* End PBXVariantGroup section */

/* Begin XCBuildConfiguration section */
		DBB9D8192006598300952EF7 /* Debug */ = {
			isa = XCBuildConfiguration;
			buildSettings = {
				ALWAYS_SEARCH_USER_PATHS = NO;
				CLANG_ANALYZER_NONNULL = YES;
				CLANG_ANALYZER_NUMBER_OBJECT_CONVERSION = YES_AGGRESSIVE;
				CLANG_CXX_LANGUAGE_STANDARD = "gnu++14";
				CLANG_CXX_LIBRARY = "libc++";
				CLANG_ENABLE_MODULES = YES;
				CLANG_ENABLE_OBJC_ARC = YES;
				CLANG_WARN_BLOCK_CAPTURE_AUTORELEASING = YES;
				CLANG_WARN_BOOL_CONVERSION = YES;
				CLANG_WARN_COMMA = YES;
				CLANG_WARN_CONSTANT_CONVERSION = YES;
				CLANG_WARN_DIRECT_OBJC_ISA_USAGE = YES_ERROR;
				CLANG_WARN_DOCUMENTATION_COMMENTS = YES;
				CLANG_WARN_EMPTY_BODY = YES;
				CLANG_WARN_ENUM_CONVERSION = YES;
				CLANG_WARN_INFINITE_RECURSION = YES;
				CLANG_WARN_INT_CONVERSION = YES;
				CLANG_WARN_NON_LITERAL_NULL_CONVERSION = YES;
				CLANG_WARN_OBJC_LITERAL_CONVERSION = YES;
				CLANG_WARN_OBJC_ROOT_CLASS = YES_ERROR;
				CLANG_WARN_RANGE_LOOP_ANALYSIS = YES;
				CLANG_WARN_STRICT_PROTOTYPES = YES;
				CLANG_WARN_SUSPICIOUS_MOVE = YES;
				CLANG_WARN_UNGUARDED_AVAILABILITY = YES_AGGRESSIVE;
				CLANG_WARN_UNREACHABLE_CODE = YES;
				CLANG_WARN__DUPLICATE_METHOD_MATCH = YES;
				CODE_SIGN_IDENTITY = "iPhone Developer";
				COPY_PHASE_STRIP = NO;
				DEBUG_INFORMATION_FORMAT = dwarf;
				ENABLE_STRICT_OBJC_MSGSEND = YES;
				ENABLE_TESTABILITY = YES;
				GCC_C_LANGUAGE_STANDARD = gnu11;
				GCC_DYNAMIC_NO_PIC = NO;
				GCC_NO_COMMON_BLOCKS = YES;
				GCC_OPTIMIZATION_LEVEL = 0;
				GCC_PREPROCESSOR_DEFINITIONS = (
					"DEBUG=1",
					"$(inherited)",
				);
				GCC_WARN_64_TO_32_BIT_CONVERSION = YES;
				GCC_WARN_ABOUT_RETURN_TYPE = YES_ERROR;
				GCC_WARN_UNDECLARED_SELECTOR = YES;
				GCC_WARN_UNINITIALIZED_AUTOS = YES_AGGRESSIVE;
				GCC_WARN_UNUSED_FUNCTION = YES;
				GCC_WARN_UNUSED_VARIABLE = YES;
				IPHONEOS_DEPLOYMENT_TARGET = 11.2;
				MTL_ENABLE_DEBUG_INFO = YES;
				ONLY_ACTIVE_ARCH = YES;
				SDKROOT = iphoneos;
				SWIFT_ACTIVE_COMPILATION_CONDITIONS = DEBUG;
				SWIFT_OPTIMIZATION_LEVEL = "-Onone";
			};
			name = Debug;
		};
		DBB9D81A2006598300952EF7 /* Release */ = {
			isa = XCBuildConfiguration;
			buildSettings = {
				ALWAYS_SEARCH_USER_PATHS = NO;
				CLANG_ANALYZER_NONNULL = YES;
				CLANG_ANALYZER_NUMBER_OBJECT_CONVERSION = YES_AGGRESSIVE;
				CLANG_CXX_LANGUAGE_STANDARD = "gnu++14";
				CLANG_CXX_LIBRARY = "libc++";
				CLANG_ENABLE_MODULES = YES;
				CLANG_ENABLE_OBJC_ARC = YES;
				CLANG_WARN_BLOCK_CAPTURE_AUTORELEASING = YES;
				CLANG_WARN_BOOL_CONVERSION = YES;
				CLANG_WARN_COMMA = YES;
				CLANG_WARN_CONSTANT_CONVERSION = YES;
				CLANG_WARN_DIRECT_OBJC_ISA_USAGE = YES_ERROR;
				CLANG_WARN_DOCUMENTATION_COMMENTS = YES;
				CLANG_WARN_EMPTY_BODY = YES;
				CLANG_WARN_ENUM_CONVERSION = YES;
				CLANG_WARN_INFINITE_RECURSION = YES;
				CLANG_WARN_INT_CONVERSION = YES;
				CLANG_WARN_NON_LITERAL_NULL_CONVERSION = YES;
				CLANG_WARN_OBJC_LITERAL_CONVERSION = YES;
				CLANG_WARN_OBJC_ROOT_CLASS = YES_ERROR;
				CLANG_WARN_RANGE_LOOP_ANALYSIS = YES;
				CLANG_WARN_STRICT_PROTOTYPES = YES;
				CLANG_WARN_SUSPICIOUS_MOVE = YES;
				CLANG_WARN_UNGUARDED_AVAILABILITY = YES_AGGRESSIVE;
				CLANG_WARN_UNREACHABLE_CODE = YES;
				CLANG_WARN__DUPLICATE_METHOD_MATCH = YES;
				CODE_SIGN_IDENTITY = "iPhone Developer";
				COPY_PHASE_STRIP = NO;
				DEBUG_INFORMATION_FORMAT = "dwarf-with-dsym";
				ENABLE_NS_ASSERTIONS = NO;
				ENABLE_STRICT_OBJC_MSGSEND = YES;
				GCC_C_LANGUAGE_STANDARD = gnu11;
				GCC_NO_COMMON_BLOCKS = YES;
				GCC_WARN_64_TO_32_BIT_CONVERSION = YES;
				GCC_WARN_ABOUT_RETURN_TYPE = YES_ERROR;
				GCC_WARN_UNDECLARED_SELECTOR = YES;
				GCC_WARN_UNINITIALIZED_AUTOS = YES_AGGRESSIVE;
				GCC_WARN_UNUSED_FUNCTION = YES;
				GCC_WARN_UNUSED_VARIABLE = YES;
				IPHONEOS_DEPLOYMENT_TARGET = 11.2;
				MTL_ENABLE_DEBUG_INFO = NO;
				SDKROOT = iphoneos;
				SWIFT_OPTIMIZATION_LEVEL = "-Owholemodule";
				VALIDATE_PRODUCT = YES;
			};
			name = Release;
		};
		DBB9D81C2006598300952EF7 /* Debug */ = {
			isa = XCBuildConfiguration;
			baseConfigurationReference = B2F73807EF99F5A6883CDAD7 /* Pods-Digital Monitor.debug.xcconfig */;
			buildSettings = {
				ASSETCATALOG_COMPILER_APPICON_NAME = AppIcon;
				ASSETCATALOG_COMPILER_LAUNCHIMAGE_NAME = LaunchImage;
				CODE_SIGN_STYLE = Automatic;
				DEVELOPMENT_TEAM = C9B2KZDAUR;
				FRAMEWORK_SEARCH_PATHS = (
					"$(inherited)",
					"$(PROJECT_DIR)/Digital\\ Monitor/Carthage/Build/iOS",
					"$(PROJECT_DIR)/Digital\\ Monitor/Carthage/Build/iOS",
					"$(PROJECT_DIR)/Carthage/Build/Mac",
					"$(PROJECT_DIR)/Carthage/Build/iOS",
				);
				INFOPLIST_FILE = "Digital Monitor/Info.plist";
				LD_RUNPATH_SEARCH_PATHS = "$(inherited) @executable_path/Frameworks";
				PRODUCT_BUNDLE_IDENTIFIER = "com.djaustin.Digital-Monitor";
				PRODUCT_NAME = "$(TARGET_NAME)";
				SWIFT_VERSION = 4.0;
				TARGETED_DEVICE_FAMILY = "1,2";
			};
			name = Debug;
		};
		DBB9D81D2006598300952EF7 /* Release */ = {
			isa = XCBuildConfiguration;
			baseConfigurationReference = 63BD96E706A82B786B0E9718 /* Pods-Digital Monitor.release.xcconfig */;
			buildSettings = {
				ASSETCATALOG_COMPILER_APPICON_NAME = AppIcon;
				ASSETCATALOG_COMPILER_LAUNCHIMAGE_NAME = LaunchImage;
				CODE_SIGN_STYLE = Automatic;
				DEVELOPMENT_TEAM = C9B2KZDAUR;
				FRAMEWORK_SEARCH_PATHS = (
					"$(inherited)",
					"$(PROJECT_DIR)/Digital\\ Monitor/Carthage/Build/iOS",
					"$(PROJECT_DIR)/Digital\\ Monitor/Carthage/Build/iOS",
					"$(PROJECT_DIR)/Carthage/Build/Mac",
					"$(PROJECT_DIR)/Carthage/Build/iOS",
				);
				INFOPLIST_FILE = "Digital Monitor/Info.plist";
				LD_RUNPATH_SEARCH_PATHS = "$(inherited) @executable_path/Frameworks";
				PRODUCT_BUNDLE_IDENTIFIER = "com.djaustin.Digital-Monitor";
				PRODUCT_NAME = "$(TARGET_NAME)";
				SWIFT_VERSION = 4.0;
				TARGETED_DEVICE_FAMILY = "1,2";
			};
			name = Release;
		};
/* End XCBuildConfiguration section */

/* Begin XCConfigurationList section */
		DBB9D8042006598200952EF7 /* Build configuration list for PBXProject "Digital Monitor" */ = {
			isa = XCConfigurationList;
			buildConfigurations = (
				DBB9D8192006598300952EF7 /* Debug */,
				DBB9D81A2006598300952EF7 /* Release */,
			);
			defaultConfigurationIsVisible = 0;
			defaultConfigurationName = Release;
		};
		DBB9D81B2006598300952EF7 /* Build configuration list for PBXNativeTarget "Digital Monitor" */ = {
			isa = XCConfigurationList;
			buildConfigurations = (
				DBB9D81C2006598300952EF7 /* Debug */,
				DBB9D81D2006598300952EF7 /* Release */,
			);
			defaultConfigurationIsVisible = 0;
			defaultConfigurationName = Release;
		};
/* End XCConfigurationList section */
	};
	rootObject = DBB9D8012006598200952EF7 /* Project object */;
}
